// !$*UTF8*$!
{
	archiveVersion = 1;
	classes = {
	};
	objectVersion = 48;
	objects = {

/* Begin PBXBuildFile section */
		B82800A82029354700E829E7 /* AppDelegate.swift in Sources */ = {isa = PBXBuildFile; fileRef = B82800A72029354700E829E7 /* AppDelegate.swift */; };
		B82800AA2029354700E829E7 /* AddProductsController.swift in Sources */ = {isa = PBXBuildFile; fileRef = B82800A92029354700E829E7 /* AddProductsController.swift */; };
		B82800AD2029354700E829E7 /* Main.storyboard in Resources */ = {isa = PBXBuildFile; fileRef = B82800AB2029354700E829E7 /* Main.storyboard */; };
		B82800AF2029354700E829E7 /* Assets.xcassets in Resources */ = {isa = PBXBuildFile; fileRef = B82800AE2029354700E829E7 /* Assets.xcassets */; };
		B82800B22029354700E829E7 /* LaunchScreen.storyboard in Resources */ = {isa = PBXBuildFile; fileRef = B82800B02029354700E829E7 /* LaunchScreen.storyboard */; };
		B82800BA202935AD00E829E7 /* CartController.swift in Sources */ = {isa = PBXBuildFile; fileRef = B82800B9202935AD00E829E7 /* CartController.swift */; };
		B82800BD2029362000E829E7 /* CoreDataStack.swift in Sources */ = {isa = PBXBuildFile; fileRef = B82800BC2029362000E829E7 /* CoreDataStack.swift */; };
		B82800C0202936C900E829E7 /* MakeInventory.xcdatamodeld in Sources */ = {isa = PBXBuildFile; fileRef = B82800BE202936C900E829E7 /* MakeInventory.xcdatamodeld */; };
		B84EB303202A62400025035B /* CartCell.swift in Sources */ = {isa = PBXBuildFile; fileRef = B84EB302202A62400025035B /* CartCell.swift */; };
		B8C1FDA820297AFD00F500AE /* ProductCell.swift in Sources */ = {isa = PBXBuildFile; fileRef = B8C1FDA720297AFD00F500AE /* ProductCell.swift */; };
		B8C1FDAA2029814500F500AE /* products.json in Resources */ = {isa = PBXBuildFile; fileRef = B8C1FDA92029814500F500AE /* products.json */; };
/* End PBXBuildFile section */

/* Begin PBXFileReference section */
		B82800A42029354700E829E7 /* ShoppingCart.app */ = {isa = PBXFileReference; explicitFileType = wrapper.application; includeInIndex = 0; path = ShoppingCart.app; sourceTree = BUILT_PRODUCTS_DIR; };
		B82800A72029354700E829E7 /* AppDelegate.swift */ = {isa = PBXFileReference; lastKnownFileType = sourcecode.swift; path = AppDelegate.swift; sourceTree = "<group>"; };
		B82800A92029354700E829E7 /* AddProductsController.swift */ = {isa = PBXFileReference; lastKnownFileType = sourcecode.swift; path = AddProductsController.swift; sourceTree = "<group>"; };
		B82800AC2029354700E829E7 /* Base */ = {isa = PBXFileReference; lastKnownFileType = file.storyboard; name = Base; path = Base.lproj/Main.storyboard; sourceTree = "<group>"; };
		B82800AE2029354700E829E7 /* Assets.xcassets */ = {isa = PBXFileReference; lastKnownFileType = folder.assetcatalog; path = Assets.xcassets; sourceTree = "<group>"; };
		B82800B12029354700E829E7 /* Base */ = {isa = PBXFileReference; lastKnownFileType = file.storyboard; name = Base; path = Base.lproj/LaunchScreen.storyboard; sourceTree = "<group>"; };
		B82800B32029354700E829E7 /* Info.plist */ = {isa = PBXFileReference; lastKnownFileType = text.plist.xml; path = Info.plist; sourceTree = "<group>"; };
		B82800B9202935AD00E829E7 /* CartController.swift */ = {isa = PBXFileReference; lastKnownFileType = sourcecode.swift; path = CartController.swift; sourceTree = "<group>"; };
		B82800BC2029362000E829E7 /* CoreDataStack.swift */ = {isa = PBXFileReference; lastKnownFileType = sourcecode.swift; path = CoreDataStack.swift; sourceTree = "<group>"; };
		B82800BF202936C900E829E7 /* MakeInventory.xcdatamodel */ = {isa = PBXFileReference; lastKnownFileType = wrapper.xcdatamodel; path = MakeInventory.xcdatamodel; sourceTree = "<group>"; };
		B84EB302202A62400025035B /* CartCell.swift */ = {isa = PBXFileReference; lastKnownFileType = sourcecode.swift; path = CartCell.swift; sourceTree = "<group>"; };
		B8C1FDA720297AFD00F500AE /* ProductCell.swift */ = {isa = PBXFileReference; lastKnownFileType = sourcecode.swift; path = ProductCell.swift; sourceTree = "<group>"; };
		B8C1FDA92029814500F500AE /* products.json */ = {isa = PBXFileReference; lastKnownFileType = text.json; path = products.json; sourceTree = "<group>"; };
/* End PBXFileReference section */

/* Begin PBXFrameworksBuildPhase section */
		B82800A12029354700E829E7 /* Frameworks */ = {
			isa = PBXFrameworksBuildPhase;
			buildActionMask = 2147483647;
			files = (
			);
			runOnlyForDeploymentPostprocessing = 0;
		};
/* End PBXFrameworksBuildPhase section */

/* Begin PBXGroup section */
		B828009B2029354700E829E7 = {
			isa = PBXGroup;
			children = (
				B82800A62029354700E829E7 /* ShoppingCart */,
				B82800A52029354700E829E7 /* Products */,
			);
			sourceTree = "<group>";
		};
		B82800A52029354700E829E7 /* Products */ = {
			isa = PBXGroup;
			children = (
				B82800A42029354700E829E7 /* ShoppingCart.app */,
			);
			name = Products;
			sourceTree = "<group>";
		};
		B82800A62029354700E829E7 /* ShoppingCart */ = {
			isa = PBXGroup;
			children = (
				B82800C12029372800E829E7 /* Model */,
				B82800C22029373100E829E7 /* View */,
				B82800C32029373600E829E7 /* Controller */,
				B82800BB202935C500E829E7 /* Supporting Files */,
				B82800B32029354700E829E7 /* Info.plist */,
				B8C1FDA92029814500F500AE /* products.json */,
			);
			path = ShoppingCart;
			sourceTree = "<group>";
		};
		B82800BB202935C500E829E7 /* Supporting Files */ = {
			isa = PBXGroup;
			children = (
				B82800A72029354700E829E7 /* AppDelegate.swift */,
				B82800AE2029354700E829E7 /* Assets.xcassets */,
				B82800B02029354700E829E7 /* LaunchScreen.storyboard */,
			);
			path = "Supporting Files";
			sourceTree = "<group>";
		};
		B82800C12029372800E829E7 /* Model */ = {
			isa = PBXGroup;
			children = (
				B82800BC2029362000E829E7 /* CoreDataStack.swift */,
				B82800BE202936C900E829E7 /* MakeInventory.xcdatamodeld */,
			);
			path = Model;
			sourceTree = "<group>";
		};
		B82800C22029373100E829E7 /* View */ = {
			isa = PBXGroup;
			children = (
				B82800AB2029354700E829E7 /* Main.storyboard */,
				B8C1FDA720297AFD00F500AE /* ProductCell.swift */,
				B84EB302202A62400025035B /* CartCell.swift */,
			);
			path = View;
			sourceTree = "<group>";
		};
		B82800C32029373600E829E7 /* Controller */ = {
			isa = PBXGroup;
			children = (
				B82800A92029354700E829E7 /* AddProductsController.swift */,
				B82800B9202935AD00E829E7 /* CartController.swift */,
			);
			path = Controller;
			sourceTree = "<group>";
		};
/* End PBXGroup section */

/* Begin PBXNativeTarget section */
		B82800A32029354700E829E7 /* ShoppingCart */ = {
			isa = PBXNativeTarget;
			buildConfigurationList = B82800B62029354700E829E7 /* Build configuration list for PBXNativeTarget "ShoppingCart" */;
			buildPhases = (
				B82800A02029354700E829E7 /* Sources */,
				B82800A12029354700E829E7 /* Frameworks */,
				B82800A22029354700E829E7 /* Resources */,
			);
			buildRules = (
			);
			dependencies = (
			);
			name = ShoppingCart;
			productName = MakeInventory;
			productReference = B82800A42029354700E829E7 /* ShoppingCart.app */;
			productType = "com.apple.product-type.application";
		};
/* End PBXNativeTarget section */

/* Begin PBXProject section */
		B828009C2029354700E829E7 /* Project object */ = {
			isa = PBXProject;
			attributes = {
				LastSwiftUpdateCheck = 0920;
				LastUpgradeCheck = 0920;
				ORGANIZATIONNAME = JCSwifty;
				TargetAttributes = {
					B82800A32029354700E829E7 = {
						CreatedOnToolsVersion = 9.2;
						ProvisioningStyle = Automatic;
					};
				};
			};
			buildConfigurationList = B828009F2029354700E829E7 /* Build configuration list for PBXProject "ShoppingCart" */;
			compatibilityVersion = "Xcode 8.0";
			developmentRegion = en;
			hasScannedForEncodings = 0;
			knownRegions = (
				en,
				Base,
			);
			mainGroup = B828009B2029354700E829E7;
			productRefGroup = B82800A52029354700E829E7 /* Products */;
			projectDirPath = "";
			projectRoot = "";
			targets = (
				B82800A32029354700E829E7 /* ShoppingCart */,
			);
		};
/* End PBXProject section */

/* Begin PBXResourcesBuildPhase section */
		B82800A22029354700E829E7 /* Resources */ = {
			isa = PBXResourcesBuildPhase;
			buildActionMask = 2147483647;
			files = (
				B82800B22029354700E829E7 /* LaunchScreen.storyboard in Resources */,
				B8C1FDAA2029814500F500AE /* products.json in Resources */,
				B82800AF2029354700E829E7 /* Assets.xcassets in Resources */,
				B82800AD2029354700E829E7 /* Main.storyboard in Resources */,
			);
			runOnlyForDeploymentPostprocessing = 0;
		};
/* End PBXResourcesBuildPhase section */

/* Begin PBXSourcesBuildPhase section */
		B82800A02029354700E829E7 /* Sources */ = {
			isa = PBXSourcesBuildPhase;
			buildActionMask = 2147483647;
			files = (
				B82800AA2029354700E829E7 /* AddProductsController.swift in Sources */,
				B84EB303202A62400025035B /* CartCell.swift in Sources */,
				B82800BA202935AD00E829E7 /* CartController.swift in Sources */,
				B82800A82029354700E829E7 /* AppDelegate.swift in Sources */,
				B8C1FDA820297AFD00F500AE /* ProductCell.swift in Sources */,
				B82800BD2029362000E829E7 /* CoreDataStack.swift in Sources */,
				B82800C0202936C900E829E7 /* MakeInventory.xcdatamodeld in Sources */,
			);
			runOnlyForDeploymentPostprocessing = 0;
		};
/* End PBXSourcesBuildPhase section */

/* Begin PBXVariantGroup section */
		B82800AB2029354700E829E7 /* Main.storyboard */ = {
			isa = PBXVariantGroup;
			children = (
				B82800AC2029354700E829E7 /* Base */,
			);
			name = Main.storyboard;
			sourceTree = "<group>";
		};
		B82800B02029354700E829E7 /* LaunchScreen.storyboard */ = {
			isa = PBXVariantGroup;
			children = (
				B82800B12029354700E829E7 /* Base */,
			);
			name = LaunchScreen.storyboard;
			sourceTree = "<group>";
		};
/* End PBXVariantGroup section */

/* Begin XCBuildConfiguration section */
		B82800B42029354700E829E7 /* Debug */ = {
			isa = XCBuildConfiguration;
			buildSettings = {
				ALWAYS_SEARCH_USER_PATHS = NO;
				CLANG_ANALYZER_NONNULL = YES;
				CLANG_ANALYZER_NUMBER_OBJECT_CONVERSION = YES_AGGRESSIVE;
				CLANG_CXX_LANGUAGE_STANDARD = "gnu++14";
				CLANG_CXX_LIBRARY = "libc++";
				CLANG_ENABLE_MODULES = YES;
				CLANG_ENABLE_OBJC_ARC = YES;
				CLANG_WARN_BLOCK_CAPTURE_AUTORELEASING = YES;
				CLANG_WARN_BOOL_CONVERSION = YES;
				CLANG_WARN_COMMA = YES;
				CLANG_WARN_CONSTANT_CONVERSION = YES;
				CLANG_WARN_DIRECT_OBJC_ISA_USAGE = YES_ERROR;
				CLANG_WARN_DOCUMENTATION_COMMENTS = YES;
				CLANG_WARN_EMPTY_BODY = YES;
				CLANG_WARN_ENUM_CONVERSION = YES;
				CLANG_WARN_INFINITE_RECURSION = YES;
				CLANG_WARN_INT_CONVERSION = YES;
				CLANG_WARN_NON_LITERAL_NULL_CONVERSION = YES;
				CLANG_WARN_OBJC_LITERAL_CONVERSION = YES;
				CLANG_WARN_OBJC_ROOT_CLASS = YES_ERROR;
				CLANG_WARN_RANGE_LOOP_ANALYSIS = YES;
				CLANG_WARN_STRICT_PROTOTYPES = YES;
				CLANG_WARN_SUSPICIOUS_MOVE = YES;
				CLANG_WARN_UNGUARDED_AVAILABILITY = YES_AGGRESSIVE;
				CLANG_WARN_UNREACHABLE_CODE = YES;
				CLANG_WARN__DUPLICATE_METHOD_MATCH = YES;
				CODE_SIGN_IDENTITY = "iPhone Developer";
				COPY_PHASE_STRIP = NO;
				DEBUG_INFORMATION_FORMAT = dwarf;
				ENABLE_STRICT_OBJC_MSGSEND = YES;
				ENABLE_TESTABILITY = YES;
				GCC_C_LANGUAGE_STANDARD = gnu11;
				GCC_DYNAMIC_NO_PIC = NO;
				GCC_NO_COMMON_BLOCKS = YES;
				GCC_OPTIMIZATION_LEVEL = 0;
				GCC_PREPROCESSOR_DEFINITIONS = (
					"DEBUG=1",
					"$(inherited)",
				);
				GCC_WARN_64_TO_32_BIT_CONVERSION = YES;
				GCC_WARN_ABOUT_RETURN_TYPE = YES_ERROR;
				GCC_WARN_UNDECLARED_SELECTOR = YES;
				GCC_WARN_UNINITIALIZED_AUTOS = YES_AGGRESSIVE;
				GCC_WARN_UNUSED_FUNCTION = YES;
				GCC_WARN_UNUSED_VARIABLE = YES;
				IPHONEOS_DEPLOYMENT_TARGET = 11.2;
				MTL_ENABLE_DEBUG_INFO = YES;
				ONLY_ACTIVE_ARCH = YES;
				SDKROOT = iphoneos;
				SWIFT_ACTIVE_COMPILATION_CONDITIONS = DEBUG;
				SWIFT_OPTIMIZATION_LEVEL = "-Onone";
			};
			name = Debug;
		};
		B82800B52029354700E829E7 /* Release */ = {
			isa = XCBuildConfiguration;
			buildSettings = {
				ALWAYS_SEARCH_USER_PATHS = NO;
				CLANG_ANALYZER_NONNULL = YES;
				CLANG_ANALYZER_NUMBER_OBJECT_CONVERSION = YES_AGGRESSIVE;
				CLANG_CXX_LANGUAGE_STANDARD = "gnu++14";
				CLANG_CXX_LIBRARY = "libc++";
				CLANG_ENABLE_MODULES = YES;
				CLANG_ENABLE_OBJC_ARC = YES;
				CLANG_WARN_BLOCK_CAPTURE_AUTORELEASING = YES;
				CLANG_WARN_BOOL_CONVERSION = YES;
				CLANG_WARN_COMMA = YES;
				CLANG_WARN_CONSTANT_CONVERSION = YES;
				CLANG_WARN_DIRECT_OBJC_ISA_USAGE = YES_ERROR;
				CLANG_WARN_DOCUMENTATION_COMMENTS = YES;
				CLANG_WARN_EMPTY_BODY = YES;
				CLANG_WARN_ENUM_CONVERSION = YES;
				CLANG_WARN_INFINITE_RECURSION = YES;
				CLANG_WARN_INT_CONVERSION = YES;
				CLANG_WARN_NON_LITERAL_NULL_CONVERSION = YES;
				CLANG_WARN_OBJC_LITERAL_CONVERSION = YES;
				CLANG_WARN_OBJC_ROOT_CLASS = YES_ERROR;
				CLANG_WARN_RANGE_LOOP_ANALYSIS = YES;
				CLANG_WARN_STRICT_PROTOTYPES = YES;
				CLANG_WARN_SUSPICIOUS_MOVE = YES;
				CLANG_WARN_UNGUARDED_AVAILABILITY = YES_AGGRESSIVE;
				CLANG_WARN_UNREACHABLE_CODE = YES;
				CLANG_WARN__DUPLICATE_METHOD_MATCH = YES;
				CODE_SIGN_IDENTITY = "iPhone Developer";
				COPY_PHASE_STRIP = NO;
				DEBUG_INFORMATION_FORMAT = "dwarf-with-dsym";
				ENABLE_NS_ASSERTIONS = NO;
				ENABLE_STRICT_OBJC_MSGSEND = YES;
				GCC_C_LANGUAGE_STANDARD = gnu11;
				GCC_NO_COMMON_BLOCKS = YES;
				GCC_WARN_64_TO_32_BIT_CONVERSION = YES;
				GCC_WARN_ABOUT_RETURN_TYPE = YES_ERROR;
				GCC_WARN_UNDECLARED_SELECTOR = YES;
				GCC_WARN_UNINITIALIZED_AUTOS = YES_AGGRESSIVE;
				GCC_WARN_UNUSED_FUNCTION = YES;
				GCC_WARN_UNUSED_VARIABLE = YES;
				IPHONEOS_DEPLOYMENT_TARGET = 11.2;
				MTL_ENABLE_DEBUG_INFO = NO;
				SDKROOT = iphoneos;
				SWIFT_OPTIMIZATION_LEVEL = "-Owholemodule";
				VALIDATE_PRODUCT = YES;
			};
			name = Release;
		};
		B82800B72029354700E829E7 /* Debug */ = {
			isa = XCBuildConfiguration;
			buildSettings = {
				ASSETCATALOG_COMPILER_APPICON_NAME = AppIcon;
				CODE_SIGN_STYLE = Automatic;
				DEVELOPMENT_TEAM = 3L8W3EB4SJ;
				INFOPLIST_FILE = "$(SRCROOT)/ShoppingCart/Info.plist";
				LD_RUNPATH_SEARCH_PATHS = "$(inherited) @executable_path/Frameworks";
				PRODUCT_BUNDLE_IDENTIFIER = com.jcswifty.MakeInventory;
				PRODUCT_NAME = "$(TARGET_NAME)";
				SWIFT_VERSION = 4.0;
				TARGETED_DEVICE_FAMILY = "1,2";
			};
			name = Debug;
		};
		B82800B82029354700E829E7 /* Release */ = {
			isa = XCBuildConfiguration;
			buildSettings = {
				ASSETCATALOG_COMPILER_APPICON_NAME = AppIcon;
				CODE_SIGN_STYLE = Automatic;
				DEVELOPMENT_TEAM = 3L8W3EB4SJ;
				INFOPLIST_FILE = "$(SRCROOT)/ShoppingCart/Info.plist";
				LD_RUNPATH_SEARCH_PATHS = "$(inherited) @executable_path/Frameworks";
				PRODUCT_BUNDLE_IDENTIFIER = com.jcswifty.MakeInventory;
				PRODUCT_NAME = "$(TARGET_NAME)";
				SWIFT_VERSION = 4.0;
				TARGETED_DEVICE_FAMILY = "1,2";
			};
			name = Release;
		};
/* End XCBuildConfiguration section */

/* Begin XCConfigurationList section */
		B828009F2029354700E829E7 /* Build configuration list for PBXProject "ShoppingCart" */ = {
			isa = XCConfigurationList;
			buildConfigurations = (
				B82800B42029354700E829E7 /* Debug */,
				B82800B52029354700E829E7 /* Release */,
			);
			defaultConfigurationIsVisible = 0;
			defaultConfigurationName = Release;
		};
		B82800B62029354700E829E7 /* Build configuration list for PBXNativeTarget "ShoppingCart" */ = {
			isa = XCConfigurationList;
			buildConfigurations = (
				B82800B72029354700E829E7 /* Debug */,
				B82800B82029354700E829E7 /* Release */,
			);
			defaultConfigurationIsVisible = 0;
			defaultConfigurationName = Release;
		};
/* End XCConfigurationList section */

/* Begin XCVersionGroup section */
		B82800BE202936C900E829E7 /* MakeInventory.xcdatamodeld */ = {
			isa = XCVersionGroup;
			children = (
				B82800BF202936C900E829E7 /* MakeInventory.xcdatamodel */,
			);
			currentVersion = B82800BF202936C900E829E7 /* MakeInventory.xcdatamodel */;
			path = MakeInventory.xcdatamodeld;
			sourceTree = "<group>";
			versionGroupType = wrapper.xcdatamodel;
		};
/* End XCVersionGroup section */
	};
	rootObject = B828009C2029354700E829E7 /* Project object */;
}
